
Microsoft Visual Studio Solution File, Format Version 12.00
# Visual Studio Version 16
VisualStudioVersion = 16.0.31624.102
MinimumVisualStudioVersion = 10.0.40219.1
Project("{FAE04EC0-301F-11D3-BF4B-00C04F79EFBC}") = "EventManagement", "EventManagement\EventManagement.csproj", "{C23B6D89-F996-4043-8726-97EF50C547F4}"
EndProject
Project("{FAE04EC0-301F-11D3-BF4B-00C04F79EFBC}") = "EventManagementDataLayer", "EventManagementDataLayer\EventManagementDataLayer.csproj", "{DE032699-10FD-4F1B-A770-6E85C4C0639B}"
EndProject
Project("{FAE04EC0-301F-11D3-BF4B-00C04F79EFBC}") = "EventBusiness", "EventBusiness\EventBusiness.csproj", "{F298717E-494E-42F9-AA80-C59A3A8B2CD3}"
EndProject
Global
	GlobalSection(SolutionConfigurationPlatforms) = preSolution
		Debug|Any CPU = Debug|Any CPU
		Release|Any CPU = Release|Any CPU
	EndGlobalSection
	GlobalSection(ProjectConfigurationPlatforms) = postSolution
		{C23B6D89-F996-4043-8726-97EF50C547F4}.Debug|Any CPU.ActiveCfg = Debug|Any CPU
		{C23B6D89-F996-4043-8726-97EF50C547F4}.Debug|Any CPU.Build.0 = Debug|Any CPU
		{C23B6D89-F996-4043-8726-97EF50C547F4}.Release|Any CPU.ActiveCfg = Release|Any CPU
		{C23B6D89-F996-4043-8726-97EF50C547F4}.Release|Any CPU.Build.0 = Release|Any CPU
		{DE032699-10FD-4F1B-A770-6E85C4C0639B}.Debug|Any CPU.ActiveCfg = Debug|Any CPU
		{DE032699-10FD-4F1B-A770-6E85C4C0639B}.Debug|Any CPU.Build.0 = Debug|Any CPU
		{DE032699-10FD-4F1B-A770-6E85C4C0639B}.Release|Any CPU.ActiveCfg = Release|Any CPU
		{DE032699-10FD-4F1B-A770-6E85C4C0639B}.Release|Any CPU.Build.0 = Release|Any CPU
		{F298717E-494E-42F9-AA80-C59A3A8B2CD3}.Debug|Any CPU.ActiveCfg = Debug|Any CPU
		{F298717E-494E-42F9-AA80-C59A3A8B2CD3}.Debug|Any CPU.Build.0 = Debug|Any CPU
		{F298717E-494E-42F9-AA80-C59A3A8B2CD3}.Release|Any CPU.ActiveCfg = Release|Any CPU
		{F298717E-494E-42F9-AA80-C59A3A8B2CD3}.Release|Any CPU.Build.0 = Release|Any CPU
	EndGlobalSection
	GlobalSection(SolutionProperties) = preSolution
		HideSolutionNode = FALSE
	EndGlobalSection
	GlobalSection(ExtensibilityGlobals) = postSolution
		SolutionGuid = {C7356A6B-4757-4417-83E1-C95482B6B636}
	EndGlobalSection
EndGlobal
